
Microsoft Visual Studio Solution File, Format Version 12.00
# Visual Studio Version 17
VisualStudioVersion = 17.0.32014.148
MinimumVisualStudioVersion = 10.0.40219.1
Project("{8BC9CEB8-8B4A-11D0-8D11-00A0C91BC942}") = "GameEngineBase", "GameEngineBase\GameEngineBase.vcxproj", "{33315545-4554-4677-8527-7C61BEDA9CF4}"
EndProject
Project("{8BC9CEB8-8B4A-11D0-8D11-00A0C91BC942}") = "GameEngineApp", "GameEngineApp\GameEngineApp.vcxproj", "{75BE9C37-A153-4BC1-A3B4-9FC0951F9DF1}"
	ProjectSection(ProjectDependencies) = postProject
		{F26C7F12-C1FD-4ED4-87D9-40D696BEF029} = {F26C7F12-C1FD-4ED4-87D9-40D696BEF029}
		{33315545-4554-4677-8527-7C61BEDA9CF4} = {33315545-4554-4677-8527-7C61BEDA9CF4}
		{B3DDC27C-9AB3-467C-95F2-47B4A04B26BF} = {B3DDC27C-9AB3-467C-95F2-47B4A04B26BF}
	EndProjectSection
EndProject
Project("{2150E333-8FDC-42A3-9474-1A3956D46DE8}") = "Level0", "Level0", "{7BB0694E-4040-43B0-8FBB-5DD773CCA42C}"
EndProject
Project("{2150E333-8FDC-42A3-9474-1A3956D46DE8}") = "Level5", "Level5", "{5ABE74F9-610B-45F9-AF87-2C4AE533DC89}"
EndProject
Project("{2150E333-8FDC-42A3-9474-1A3956D46DE8}") = "Level1", "Level1", "{003318AB-CDFA-4E33-9C22-E149A0E85A96}"
EndProject
Project("{8BC9CEB8-8B4A-11D0-8D11-00A0C91BC942}") = "GameEngineCore", "GameEngineCore\GameEngineCore.vcxproj", "{F26C7F12-C1FD-4ED4-87D9-40D696BEF029}"
	ProjectSection(ProjectDependencies) = postProject
		{33315545-4554-4677-8527-7C61BEDA9CF4} = {33315545-4554-4677-8527-7C61BEDA9CF4}
	EndProjectSection
EndProject
Project("{2150E333-8FDC-42A3-9474-1A3956D46DE8}") = "Level2", "Level2", "{22759403-AC9E-42E0-8120-27779B002B93}"
EndProject
Project("{8BC9CEB8-8B4A-11D0-8D11-00A0C91BC942}") = "GameEngineContents", "GameEngineContents\GameEngineContents.vcxproj", "{B3DDC27C-9AB3-467C-95F2-47B4A04B26BF}"
	ProjectSection(ProjectDependencies) = postProject
		{F26C7F12-C1FD-4ED4-87D9-40D696BEF029} = {F26C7F12-C1FD-4ED4-87D9-40D696BEF029}
		{33315545-4554-4677-8527-7C61BEDA9CF4} = {33315545-4554-4677-8527-7C61BEDA9CF4}
	EndProjectSection
EndProject
Global
	GlobalSection(SolutionConfigurationPlatforms) = preSolution
		Debug|x64 = Debug|x64
		Debug|x86 = Debug|x86
		Release|x64 = Release|x64
		Release|x86 = Release|x86
	EndGlobalSection
	GlobalSection(ProjectConfigurationPlatforms) = postSolution
		{33315545-4554-4677-8527-7C61BEDA9CF4}.Debug|x64.ActiveCfg = Debug|x64
		{33315545-4554-4677-8527-7C61BEDA9CF4}.Debug|x64.Build.0 = Debug|x64
		{33315545-4554-4677-8527-7C61BEDA9CF4}.Debug|x86.ActiveCfg = Debug|Win32
		{33315545-4554-4677-8527-7C61BEDA9CF4}.Debug|x86.Build.0 = Debug|Win32
		{33315545-4554-4677-8527-7C61BEDA9CF4}.Release|x64.ActiveCfg = Release|x64
		{33315545-4554-4677-8527-7C61BEDA9CF4}.Release|x64.Build.0 = Release|x64
		{33315545-4554-4677-8527-7C61BEDA9CF4}.Release|x86.ActiveCfg = Release|Win32
		{33315545-4554-4677-8527-7C61BEDA9CF4}.Release|x86.Build.0 = Release|Win32
		{75BE9C37-A153-4BC1-A3B4-9FC0951F9DF1}.Debug|x64.ActiveCfg = Debug|x64
		{75BE9C37-A153-4BC1-A3B4-9FC0951F9DF1}.Debug|x64.Build.0 = Debug|x64
		{75BE9C37-A153-4BC1-A3B4-9FC0951F9DF1}.Debug|x86.ActiveCfg = Debug|Win32
		{75BE9C37-A153-4BC1-A3B4-9FC0951F9DF1}.Debug|x86.Build.0 = Debug|Win32
		{75BE9C37-A153-4BC1-A3B4-9FC0951F9DF1}.Release|x64.ActiveCfg = Release|x64
		{75BE9C37-A153-4BC1-A3B4-9FC0951F9DF1}.Release|x64.Build.0 = Release|x64
		{75BE9C37-A153-4BC1-A3B4-9FC0951F9DF1}.Release|x86.ActiveCfg = Release|Win32
		{75BE9C37-A153-4BC1-A3B4-9FC0951F9DF1}.Release|x86.Build.0 = Release|Win32
		{F26C7F12-C1FD-4ED4-87D9-40D696BEF029}.Debug|x64.ActiveCfg = Debug|x64
		{F26C7F12-C1FD-4ED4-87D9-40D696BEF029}.Debug|x64.Build.0 = Debug|x64
		{F26C7F12-C1FD-4ED4-87D9-40D696BEF029}.Debug|x86.ActiveCfg = Debug|Win32
		{F26C7F12-C1FD-4ED4-87D9-40D696BEF029}.Debug|x86.Build.0 = Debug|Win32
		{F26C7F12-C1FD-4ED4-87D9-40D696BEF029}.Release|x64.ActiveCfg = Release|x64
		{F26C7F12-C1FD-4ED4-87D9-40D696BEF029}.Release|x64.Build.0 = Release|x64
		{F26C7F12-C1FD-4ED4-87D9-40D696BEF029}.Release|x86.ActiveCfg = Release|Win32
		{F26C7F12-C1FD-4ED4-87D9-40D696BEF029}.Release|x86.Build.0 = Release|Win32
		{B3DDC27C-9AB3-467C-95F2-47B4A04B26BF}.Debug|x64.ActiveCfg = Debug|x64
		{B3DDC27C-9AB3-467C-95F2-47B4A04B26BF}.Debug|x64.Build.0 = Debug|x64
		{B3DDC27C-9AB3-467C-95F2-47B4A04B26BF}.Debug|x86.ActiveCfg = Debug|Win32
		{B3DDC27C-9AB3-467C-95F2-47B4A04B26BF}.Debug|x86.Build.0 = Debug|Win32
		{B3DDC27C-9AB3-467C-95F2-47B4A04B26BF}.Release|x64.ActiveCfg = Release|x64
		{B3DDC27C-9AB3-467C-95F2-47B4A04B26BF}.Release|x64.Build.0 = Release|x64
		{B3DDC27C-9AB3-467C-95F2-47B4A04B26BF}.Release|x86.ActiveCfg = Release|Win32
		{B3DDC27C-9AB3-467C-95F2-47B4A04B26BF}.Release|x86.Build.0 = Release|Win32
	EndGlobalSection
	GlobalSection(SolutionProperties) = preSolution
		HideSolutionNode = FALSE
	EndGlobalSection
	GlobalSection(NestedProjects) = preSolution
		{33315545-4554-4677-8527-7C61BEDA9CF4} = {7BB0694E-4040-43B0-8FBB-5DD773CCA42C}
		{75BE9C37-A153-4BC1-A3B4-9FC0951F9DF1} = {5ABE74F9-610B-45F9-AF87-2C4AE533DC89}
		{F26C7F12-C1FD-4ED4-87D9-40D696BEF029} = {003318AB-CDFA-4E33-9C22-E149A0E85A96}
		{B3DDC27C-9AB3-467C-95F2-47B4A04B26BF} = {22759403-AC9E-42E0-8120-27779B002B93}
	EndGlobalSection
	GlobalSection(ExtensibilityGlobals) = postSolution
		SolutionGuid = {8E02E4A0-5BBA-4C44-ABDF-F10A6F33397E}
	EndGlobalSection
EndGlobal
